
Microsoft Visual Studio Solution File, Format Version 11.00
# Visual Studio 2010
Project("{FAE04EC0-301F-11D3-BF4B-00C04F79EFBC}") = "Assembly-CSharp", "Assembly-CSharp.csproj", "{32023730-5dad-f9f7-b11f-88a5bfe66071}"
EndProject
Project("{FAE04EC0-301F-11D3-BF4B-00C04F79EFBC}") = "LeanPool", "LeanPool.csproj", "{79ca7a60-4a65-9db1-97d8-3ab1f596534f}"
EndProject
Project("{FAE04EC0-301F-11D3-BF4B-00C04F79EFBC}") = "LeanCommon", "LeanCommon.csproj", "{27deab14-aef3-7e16-d317-5d4ef6544f89}"
EndProject
Project("{FAE04EC0-301F-11D3-BF4B-00C04F79EFBC}") = "Hierarchy2.Editor", "Hierarchy2.Editor.csproj", "{a9af0df3-2ec3-0925-52fc-03cb5dde536e}"
EndProject
Project("{FAE04EC0-301F-11D3-BF4B-00C04F79EFBC}") = "Hierarchy2.Runtime", "Hierarchy2.Runtime.csproj", "{223b4bda-3ebb-b09c-256d-538b114e0ed0}"
EndProject
Project("{FAE04EC0-301F-11D3-BF4B-00C04F79EFBC}") = "Assembly-CSharp-Editor", "Assembly-CSharp-Editor.csproj", "{ac296538-906d-aace-ddf9-a9d8091334ef}"
EndProject
Global
	GlobalSection(SolutionConfigurationPlatforms) = preSolution
		Debug|Any CPU = Debug|Any CPU
	EndGlobalSection
	GlobalSection(ProjectConfigurationPlatforms) = postSolution
		{32023730-5dad-f9f7-b11f-88a5bfe66071}.Debug|Any CPU.ActiveCfg = Debug|Any CPU
		{32023730-5dad-f9f7-b11f-88a5bfe66071}.Debug|Any CPU.Build.0 = Debug|Any CPU
		{79ca7a60-4a65-9db1-97d8-3ab1f596534f}.Debug|Any CPU.ActiveCfg = Debug|Any CPU
		{79ca7a60-4a65-9db1-97d8-3ab1f596534f}.Debug|Any CPU.Build.0 = Debug|Any CPU
		{27deab14-aef3-7e16-d317-5d4ef6544f89}.Debug|Any CPU.ActiveCfg = Debug|Any CPU
		{27deab14-aef3-7e16-d317-5d4ef6544f89}.Debug|Any CPU.Build.0 = Debug|Any CPU
		{a9af0df3-2ec3-0925-52fc-03cb5dde536e}.Debug|Any CPU.ActiveCfg = Debug|Any CPU
		{a9af0df3-2ec3-0925-52fc-03cb5dde536e}.Debug|Any CPU.Build.0 = Debug|Any CPU
		{223b4bda-3ebb-b09c-256d-538b114e0ed0}.Debug|Any CPU.ActiveCfg = Debug|Any CPU
		{223b4bda-3ebb-b09c-256d-538b114e0ed0}.Debug|Any CPU.Build.0 = Debug|Any CPU
		{ac296538-906d-aace-ddf9-a9d8091334ef}.Debug|Any CPU.ActiveCfg = Debug|Any CPU
		{ac296538-906d-aace-ddf9-a9d8091334ef}.Debug|Any CPU.Build.0 = Debug|Any CPU
	EndGlobalSection
	GlobalSection(SolutionProperties) = preSolution
		HideSolutionNode = FALSE
	EndGlobalSection
EndGlobal
